# THIS IS AN AUTOGENERATED FILE. DO NOT EDIT THIS FILE DIRECTLY.
# yarn lockfile v1


"@indexnetwork/sdk@file:../sdk":
  version "0.0.7"
  resolved "file:../sdk"
  dependencies:
    "@didtools/cacao" "^3.0.1"
    "@lit-protocol/contracts-sdk" "^4.1.1"
    cid multiformats/cid
    did-session "^3.1.0"
    ethers "^6.11.1"
    multiformats "^13.1.0"
