# THIS IS AN AUTOGENERATED FILE. DO NOT EDIT THIS FILE DIRECTLY.
# yarn lockfile v1


"@adraffy/ens-normalize@1.10.0":
  version "1.10.0"
  resolved "https://registry.yarnpkg.com/@adraffy/ens-normalize/-/ens-normalize-1.10.0.tgz#d2a39395c587e092d77cbbc80acf956a54f38bf7"
  integrity sha512-nA9XHtlAkYfJxY7bce8DcN7eKxWWCWkU+1GR9d+U6MbNpfwQp8TI7vqOsBsMcHoT4mBu2kypKoSKnghEzOOq5Q==

"@adraffy/ens-normalize@1.10.1":
  version "1.10.1"
  resolved "https://registry.yarnpkg.com/@adraffy/ens-normalize/-/ens-normalize-1.10.1.tgz#63430d04bd8c5e74f8d7d049338f1cd9d4f02069"
  integrity sha512-96Z2IP3mYmF1Xg2cDm8f1gWGf/HUVedQ3FMifV4kG/PQ4yEP51xDtRAEfhVNt5f/uzpNkZHwWQuUcu6D6K+Ekw==

"@didtools/cacao@^3.0.0", "@didtools/cacao@^3.0.1":
  version "3.0.1"
  resolved "https://registry.yarnpkg.com/@didtools/cacao/-/cacao-3.0.1.tgz#4a705b583bde6d3a85bec33622d03ed1acfcb2b9"
  integrity sha512-vV1JirxqVsBf2dqdvoS/msNN8fabvMfseZB0kf1FG8TbosrHd81+hgDOlQMZit7zJbTk5g3CGkZg3b7iYKkynw==
  dependencies:
    "@didtools/codecs" "^3.0.0"
    "@didtools/siwx" "2.0.0"
    "@ipld/dag-cbor" "^9.0.7"
    caip "^1.1.0"
    multiformats "^13.0.0"
    uint8arrays "^5.0.1"
    viem "^1.21.4"

"@didtools/codecs@^3.0.0":
  version "3.0.0"
  resolved "https://registry.yarnpkg.com/@didtools/codecs/-/codecs-3.0.0.tgz#860e74e7762f8d1cb630d3ceb87a4e728455e797"
  integrity sha512-TemoVySZrs1XflMtOkwVTATtZEs42Mh2yk9SoYvBXES6Mz30PBJCm8v7U/2y1N5lrjb2cAPWs48Ryc7paetSxQ==
  dependencies:
    codeco "^1.2.0"
    multiformats "^13.0.0"
    uint8arrays "^5.0.1"

"@didtools/key-webcrypto@^0.2.0":
  version "0.2.0"
  resolved "https://registry.yarnpkg.com/@didtools/key-webcrypto/-/key-webcrypto-0.2.0.tgz#8435a14087d9b5d02752bd145fb574f8aee50105"
  integrity sha512-5WK2Np0Tb6ApDoK71vYmEGiIdwLKzaEjr5KTK6RXFdl5xJnOYOHGkn4Ohco9D0UsoUGyDZE/ztlXmPQIbzHXQA==
  dependencies:
    fast-json-stable-stringify "^2.1.0"
    rpc-utils "^0.6.2"
    uint8arrays "^5.0.1"
    varint "^6.0.0"

"@didtools/pkh-ethereum@^0.5.0":
  version "0.5.0"
  resolved "https://registry.yarnpkg.com/@didtools/pkh-ethereum/-/pkh-ethereum-0.5.0.tgz#fca9008c546141f257508d4448c58609b975276b"
  integrity sha512-2S+TS/I2jVTNnkgyslxQvSjCzzLsCabjXD2UWjJnVkAoxeJgPE9GvY1JhTDgvVLfxLPnYwTIP/O1WR9wJcDkFg==
  dependencies:
    "@didtools/cacao" "^3.0.0"
    "@noble/curves" "^1.2.0"
    "@noble/hashes" "^1.3.2"
    "@stablelib/random" "^1.0.2"
    caip "^1.1.0"

"@didtools/siwx@2.0.0":
  version "2.0.0"
  resolved "https://registry.yarnpkg.com/@didtools/siwx/-/siwx-2.0.0.tgz#95225f57888bff821baa182dee2d7860ee51940a"
  integrity sha512-eqBtI5dZrptXTCyadnhvU0di/KvumoByT7F8KB/8BLU7M1lltfEmvf/c5AnsyrWO9338ygCs2u5mKz1p1Zdj5A==
  dependencies:
    codeco "^1.2.0"

"@ipld/dag-cbor@^9.0.7":
  version "9.2.0"
  resolved "https://registry.yarnpkg.com/@ipld/dag-cbor/-/dag-cbor-9.2.0.tgz#3a3f0bee02d7e1c2f15582e896843d5b00fbba9f"
  integrity sha512-N14oMy0q4gM6OuZkIpisKe0JBSjf1Jb39VI+7jMLiWX9124u1Z3Fdj/Tag1NA0cVxxqWDh0CqsjcVfOKtelPDA==
  dependencies:
    cborg "^4.0.0"
    multiformats "^13.1.0"

"@multiformats/base-x@^4.0.1":
  version "4.0.1"
  resolved "https://registry.yarnpkg.com/@multiformats/base-x/-/base-x-4.0.1.tgz#95ff0fa58711789d53aefb2590a8b7a4e715d121"
  integrity sha512-eMk0b9ReBbV23xXU693TAIrLyeO5iTgBZGSJfpqriG8UkYvr/hC9u9pyMlAakDNHWmbhMZCDs6KQO0jzKD8OTw==

"@noble/ciphers@^0.4.0":
  version "0.4.1"
  resolved "https://registry.yarnpkg.com/@noble/ciphers/-/ciphers-0.4.1.tgz#977fc35f563a4ca315ebbc4cbb1f9b670bd54456"
  integrity sha512-QCOA9cgf3Rc33owG0AYBB9wszz+Ul2kramWN8tXG44Gyciud/tbkEqvxRF/IpqQaBpRBNi9f4jdNxqB2CQCIXg==

"@noble/curves@1.2.0", "@noble/curves@~1.2.0":
  version "1.2.0"
  resolved "https://registry.yarnpkg.com/@noble/curves/-/curves-1.2.0.tgz#92d7e12e4e49b23105a2555c6984d41733d65c35"
  integrity sha512-oYclrNgRaM9SsBUBVbb8M6DTV7ZHRTKugureoYEncY5c65HOmRzvSiTE3y5CYaPYJA/GVkrhXEoF0M3Ya9PMnw==
  dependencies:
    "@noble/hashes" "1.3.2"

"@noble/curves@^1.0.0", "@noble/curves@^1.2.0", "@noble/curves@^1.3.0":
  version "1.4.0"
  resolved "https://registry.yarnpkg.com/@noble/curves/-/curves-1.4.0.tgz#f05771ef64da724997f69ee1261b2417a49522d6"
  integrity sha512-p+4cb332SFCrReJkCYe8Xzm0OWi4Jji5jVdIZRL/PmacmDkFNw6MrrV+gGpiPxLHbV+zKFRywUWbaseT+tZRXg==
  dependencies:
    "@noble/hashes" "1.4.0"

"@noble/hashes@1.3.2":
  version "1.3.2"
  resolved "https://registry.yarnpkg.com/@noble/hashes/-/hashes-1.3.2.tgz#6f26dbc8fbc7205873ce3cee2f690eba0d421b39"
  integrity sha512-MVC8EAQp7MvEcm30KWENFjgR+Mkmf+D189XJTkFIlwohU5hcBbn1ZkKq7KVTi2Hme3PMGF390DaL52beVrIihQ==

"@noble/hashes@1.4.0", "@noble/hashes@^1.3.0", "@noble/hashes@^1.3.2":
  version "1.4.0"
  resolved "https://registry.yarnpkg.com/@noble/hashes/-/hashes-1.4.0.tgz#45814aa329f30e4fe0ba49426f49dfccdd066426"
  integrity sha512-V1JJ1WTRUqHHrOSh597hURcMqVKVGL/ea3kv0gSnEdsEZ0/+VyPghM1lMNGc00z7CIQorSvbKpuJkxvuHbvdbg==

"@noble/hashes@~1.3.0", "@noble/hashes@~1.3.2":
  version "1.3.3"
  resolved "https://registry.yarnpkg.com/@noble/hashes/-/hashes-1.3.3.tgz#39908da56a4adc270147bb07968bf3b16cfe1699"
  integrity sha512-V7/fPHgl+jsVPXqqeOzT8egNj2iBIVt+ECeMMG8TdcnTikP3oaBtUVqpT/gYCR68aEBJSF+XbYUxStjbFMqIIA==

"@scure/base@^1.1.3", "@scure/base@~1.1.0", "@scure/base@~1.1.2":
  version "1.1.5"
  resolved "https://registry.yarnpkg.com/@scure/base/-/base-1.1.5.tgz#1d85d17269fe97694b9c592552dd9e5e33552157"
  integrity sha512-Brj9FiG2W1MRQSTB212YVPRrcbjkv48FoZi/u4l/zds/ieRrqsh7aUf6CLwkAq61oKXr/ZlTzlY66gLIj3TFTQ==

"@scure/bip32@1.3.2":
  version "1.3.2"
  resolved "https://registry.yarnpkg.com/@scure/bip32/-/bip32-1.3.2.tgz#90e78c027d5e30f0b22c1f8d50ff12f3fb7559f8"
  integrity sha512-N1ZhksgwD3OBlwTv3R6KFEcPojl/W4ElJOeCZdi+vuI5QmTFwLq3OFf2zd2ROpKvxFdgZ6hUpb0dx9bVNEwYCA==
  dependencies:
    "@noble/curves" "~1.2.0"
    "@noble/hashes" "~1.3.2"
    "@scure/base" "~1.1.2"

"@scure/bip39@1.2.1":
  version "1.2.1"
  resolved "https://registry.yarnpkg.com/@scure/bip39/-/bip39-1.2.1.tgz#5cee8978656b272a917b7871c981e0541ad6ac2a"
  integrity sha512-Z3/Fsz1yr904dduJD0NpiyRHhRYHdcnyh73FZWiV+/qhWi83wNJ3NWolYqCEN+ZWsUz2TWwajJggcRE9r1zUYg==
  dependencies:
    "@noble/hashes" "~1.3.0"
    "@scure/base" "~1.1.0"

"@stablelib/binary@^1.0.1":
  version "1.0.1"
  resolved "https://registry.yarnpkg.com/@stablelib/binary/-/binary-1.0.1.tgz#c5900b94368baf00f811da5bdb1610963dfddf7f"
  integrity sha512-ClJWvmL6UBM/wjkvv/7m5VP3GMr9t0osr4yVgLZsLCOz4hGN9gIAFEqnJ0TsSMAN+n840nf2cHZnA5/KFqHC7Q==
  dependencies:
    "@stablelib/int" "^1.0.1"

"@stablelib/int@^1.0.1":
  version "1.0.1"
  resolved "https://registry.yarnpkg.com/@stablelib/int/-/int-1.0.1.tgz#75928cc25d59d73d75ae361f02128588c15fd008"
  integrity sha512-byr69X/sDtDiIjIV6m4roLVWnNNlRGzsvxw+agj8CIEazqWGOQp2dTYgQhtyVXV9wpO6WyXRQUzLV/JRNumT2w==

"@stablelib/random@^1.0.2":
  version "1.0.2"
  resolved "https://registry.yarnpkg.com/@stablelib/random/-/random-1.0.2.tgz#2dece393636489bf7e19c51229dd7900eddf742c"
  integrity sha512-rIsE83Xpb7clHPVRlBj8qNe5L8ISQOzjghYQm/dZ7VaM2KHYwMW5adjQjrzTZCchFnNCNhkwtnOBa9HTMJCI8w==
  dependencies:
    "@stablelib/binary" "^1.0.1"
    "@stablelib/wipe" "^1.0.1"

"@stablelib/wipe@^1.0.1":
  version "1.0.1"
  resolved "https://registry.yarnpkg.com/@stablelib/wipe/-/wipe-1.0.1.tgz#d21401f1d59ade56a62e139462a97f104ed19a36"
  integrity sha512-WfqfX/eXGiAd3RJe4VU2snh/ZPwtSjLG4ynQ/vYzvghTh7dHFcI1wl+nrkWG6lGhukOxOsUHfv8dUXr58D0ayg==

"@types/node@18.15.13":
  version "18.15.13"
  resolved "https://registry.yarnpkg.com/@types/node/-/node-18.15.13.tgz#f64277c341150c979e42b00e4ac289290c9df469"
  integrity sha512-N+0kuo9KgrUQ1Sn/ifDXsvg0TTleP7rIy4zOBGECxAljqvqfqpTfzx0Q1NUedOixRMBfe2Whhb056a42cWs26Q==

"@types/node@^20.11.27":
  version "20.11.28"
  resolved "https://registry.yarnpkg.com/@types/node/-/node-20.11.28.tgz#4fd5b2daff2e580c12316e457473d68f15ee6f66"
  integrity sha512-M/GPWVS2wLkSkNHVeLkrF2fD5Lx5UC4PxA0uZcKc6QqbIQUJyW1jVjueJYi1z8n0I5PxYrtpnPnWglE+y9A0KA==
  dependencies:
    undici-types "~5.26.4"

abitype@0.9.8:
  version "0.9.8"
  resolved "https://registry.yarnpkg.com/abitype/-/abitype-0.9.8.tgz#1f120b6b717459deafd213dfbf3a3dd1bf10ae8c"
  integrity sha512-puLifILdm+8sjyss4S+fsUN09obiT1g2YW6CtcQF+QDzxR0euzgEB29MZujC6zMk2a6SVmtttq1fc6+YFA7WYQ==

aes-js@4.0.0-beta.5:
  version "4.0.0-beta.5"
  resolved "https://registry.yarnpkg.com/aes-js/-/aes-js-4.0.0-beta.5.tgz#8d2452c52adedebc3a3e28465d858c11ca315873"
  integrity sha512-G965FqalsNyrPqgEGON7nIx1e/OVENSgiEIzyC63haUMuvNnwIgIjMs52hlTCKhkBny7A2ORNlfY9Zu+jmGk1Q==

caip@^1.1.0:
  version "1.1.0"
  resolved "https://registry.yarnpkg.com/caip/-/caip-1.1.0.tgz#0ccd5bf1bff822459389ccec0a8555712a30c374"
  integrity sha512-yOO3Fu4ygyKYAdznuoaqschMKIZzcdgyMpBNtrIfrUhnOeaOWG+dh0c13wcOS6B/46IGGbncoyzJlio79jU7rw==

canonicalize@^2.0.0:
  version "2.0.0"
  resolved "https://registry.yarnpkg.com/canonicalize/-/canonicalize-2.0.0.tgz#32be2cef4446d67fd5348027a384cae28f17226a"
  integrity sha512-ulDEYPv7asdKvqahuAY35c1selLdzDwHqugK92hfkzvlDCwXRRelDkR+Er33md/PtnpqHemgkuDPanZ4fiYZ8w==

cborg@^4.0.0:
  version "4.1.2"
  resolved "https://registry.yarnpkg.com/cborg/-/cborg-4.1.2.tgz#32df5bc4d3e43a1456f3b7688e6d10fd7d17a02a"
  integrity sha512-xhohCEHG5XE+b+9qFq639MQhCYE6fD2ybfVHO7/U0iyuzNzVdg5wSlozHRvBNuFBdQNikSdbxhBxS7pLQFvHig==

codeco@^1.2.0:
  version "1.2.1"
  resolved "https://registry.yarnpkg.com/codeco/-/codeco-1.2.1.tgz#536e068a4540887813694f0a86a669d9f24f3994"
  integrity sha512-jJHt2yEpV2p/pY1qQ0JZUScjWCqvZgE8SBYqzAEXo+DrpFB2BFs9RJp67GP2syg0+cMJ8DK14KOJZhFhhvH1nQ==

dag-jose-utils@^4.0.0:
  version "4.0.0"
  resolved "https://registry.yarnpkg.com/dag-jose-utils/-/dag-jose-utils-4.0.0.tgz#0cdecb555e6dbff2f023f36beee5b2a14d93d337"
  integrity sha512-bmmXtVdEKp/zYH8El4GGkMREJioUztz8fzOErfy5dTbyKIVOF61C5sfsZLYCB/wiT/I9+SPNrQeo/Cx6Ik3wJQ==
  dependencies:
    "@ipld/dag-cbor" "^9.0.7"
    multiformats "^13.0.0"

did-jwt@^7.4.7:
  version "7.4.7"
  resolved "https://registry.yarnpkg.com/did-jwt/-/did-jwt-7.4.7.tgz#44105fb0a0cdfd78c087de52087422075c674700"
  integrity sha512-Apz7nIfIHSKWIMaEP5L/K8xkwByvjezjTG0xiqwKdnNj1x8M0+Yasury5Dm/KPltxi2PlGfRPf3IejRKZrT8mQ==
  dependencies:
    "@noble/ciphers" "^0.4.0"
    "@noble/curves" "^1.0.0"
    "@noble/hashes" "^1.3.0"
    "@scure/base" "^1.1.3"
    canonicalize "^2.0.0"
    did-resolver "^4.1.0"
    multibase "^4.0.6"
    multiformats "^9.6.2"
    uint8arrays "3.1.1"

did-resolver@^4.1.0:
  version "4.1.0"
  resolved "https://registry.yarnpkg.com/did-resolver/-/did-resolver-4.1.0.tgz#740852083c4fd5bf9729d528eca5d105aff45eb6"
  integrity sha512-S6fWHvCXkZg2IhS4RcVHxwuyVejPR7c+a4Go0xbQ9ps5kILa8viiYQgrM4gfTyeTjJ0ekgJH9gk/BawTpmkbZA==

did-session@^3.1.0:
  version "3.1.0"
  resolved "https://registry.yarnpkg.com/did-session/-/did-session-3.1.0.tgz#d63b4fe56b9a23cc07ead53e5d0810c8aa7aca49"
  integrity sha512-EZAQHFqW08m8OuCU66i6qD2X7Xfqn18LwPLsH8qbV2LsyFCx5cyqgzg5UQFxziAQvMbvtXJ3YRNWk/b3bOJiaA==
  dependencies:
    "@didtools/key-webcrypto" "^0.2.0"
    "@stablelib/random" "^1.0.2"
    caip "^1.1.0"
    dids "^5.0.2"
    key-did-provider-ed25519 "^4.0.2"
    key-did-resolver "^4.0.0"
    uint8arrays "^5.0.1"

dids@^5.0.2:
  version "5.0.2"
  resolved "https://registry.yarnpkg.com/dids/-/dids-5.0.2.tgz#5a87b101814a46cdc2ecc0d32fa5c0e6d78e8ccb"
  integrity sha512-sxTgrvJtatqdm7dukGbquk23BVvbiaxf3nTKywWaY9AUqwC2IYEo6FG0En2cMl3J1fqMMQXrGg9luh2xDmYOmw==
  dependencies:
    "@didtools/cacao" "^3.0.1"
    "@didtools/codecs" "^3.0.0"
    "@didtools/pkh-ethereum" "^0.5.0"
    "@stablelib/random" "^1.0.2"
    codeco "^1.2.0"
    dag-jose-utils "^4.0.0"
    did-jwt "^7.4.7"
    did-resolver "^4.1.0"
    multiformats "^13.0.0"
    rpc-utils "^0.6.2"
    uint8arrays "^5.0.1"

ethers@^6.11.1:
  version "6.11.1"
  resolved "https://registry.yarnpkg.com/ethers/-/ethers-6.11.1.tgz#96aae00b627c2e35f9b0a4d65c7ab658259ee6af"
  integrity sha512-mxTAE6wqJQAbp5QAe/+o+rXOID7Nw91OZXvgpjDa1r4fAbq2Nu314oEZSbjoRLacuCzs7kUC3clEvkCQowffGg==
  dependencies:
    "@adraffy/ens-normalize" "1.10.1"
    "@noble/curves" "1.2.0"
    "@noble/hashes" "1.3.2"
    "@types/node" "18.15.13"
    aes-js "4.0.0-beta.5"
    tslib "2.4.0"
    ws "8.5.0"

fast-json-stable-stringify@^2.1.0:
  version "2.1.0"
  resolved "https://registry.yarnpkg.com/fast-json-stable-stringify/-/fast-json-stable-stringify-2.1.0.tgz#874bf69c6f404c2b5d99c481341399fd55892633"
  integrity sha512-lhd/wF+Lk98HZoTCtlVraHtfh5XYijIjalXck7saUtuanSDyLMxnHhSXEDJqHxD7msR8D0uCmqlkwjCV8xvwHw==

isows@1.0.3:
  version "1.0.3"
  resolved "https://registry.yarnpkg.com/isows/-/isows-1.0.3.tgz#93c1cf0575daf56e7120bab5c8c448b0809d0d74"
  integrity sha512-2cKei4vlmg2cxEjm3wVSqn8pcoRF/LX/wpifuuNquFO4SQmPwarClT+SUCA2lt+l581tTeZIPIZuIDo2jWN1fg==

key-did-provider-ed25519@^4.0.2:
  version "4.0.2"
  resolved "https://registry.yarnpkg.com/key-did-provider-ed25519/-/key-did-provider-ed25519-4.0.2.tgz#f1ae847257e5aefff7ac6899630231034e62da05"
  integrity sha512-bnnRGuuUtylKGMVmgXVSoGccBg87roFi6xy5dQmTgNqnCmrxBBUatYoVimcnA+SGCFqi2qk6B9dD10Ed4rTZPg==
  dependencies:
    "@noble/curves" "^1.3.0"
    did-jwt "^7.4.7"
    dids "^5.0.2"
    fast-json-stable-stringify "^2.1.0"
    rpc-utils "^0.6.2"
    uint8arrays "^5.0.1"

key-did-resolver@^4.0.0:
  version "4.0.0"
  resolved "https://registry.yarnpkg.com/key-did-resolver/-/key-did-resolver-4.0.0.tgz#011910ef2db7db82977466ac6850b4976f8cd761"
  integrity sha512-+U2nd/0rjO4Yqe2hnHBD7ygcLRfT43Oje9IIjv1BlBi0lopwxZpIFQ7GekguOHK02r+JGdl8mpJVNHs5lvXVOA==
  dependencies:
    "@noble/curves" "^1.2.0"
    multiformats "^13.0.0"
    uint8arrays "^5.0.1"
    varint "^6.0.0"

multibase@^4.0.6:
  version "4.0.6"
  resolved "https://registry.yarnpkg.com/multibase/-/multibase-4.0.6.tgz#6e624341483d6123ca1ede956208cb821b440559"
  integrity sha512-x23pDe5+svdLz/k5JPGCVdfn7Q5mZVMBETiC+ORfO+sor9Sgs0smJzAjfTbM5tckeCqnaUuMYoz+k3RXMmJClQ==
  dependencies:
    "@multiformats/base-x" "^4.0.1"

multiformats@^13.0.0, multiformats@^13.1.0:
  version "13.1.0"
  resolved "https://registry.yarnpkg.com/multiformats/-/multiformats-13.1.0.tgz#5aa9d2175108a448fc3bdb54ba8a3d0b6cab3ac3"
  integrity sha512-HzdtdBwxsIkzpeXzhQ5mAhhuxcHbjEHH+JQoxt7hG/2HGFjjwyolLo7hbaexcnhoEuV4e0TNJ8kkpMjiEYY4VQ==

multiformats@^9.4.2, multiformats@^9.6.2:
  version "9.9.0"
  resolved "https://registry.yarnpkg.com/multiformats/-/multiformats-9.9.0.tgz#c68354e7d21037a8f1f8833c8ccd68618e8f1d37"
  integrity sha512-HoMUjhH9T8DDBNT+6xzkrd9ga/XiBI4xLr58LJACwK6G3HTOPeMz4nB4KJs33L2BelrIJa7P0VuNaVF3hMYfjg==

nanoid@^3.3.1:
  version "3.3.7"
  resolved "https://registry.yarnpkg.com/nanoid/-/nanoid-3.3.7.tgz#d0c301a691bc8d54efa0a2226ccf3fe2fd656bd8"
  integrity sha512-eSRppjcPIatRIMC1U6UngP8XFcz8MQWGQdt1MTBQ7NaAmvXDfvNxbvWV3x2y6CdEUciCSsDHDQZbhYaB8QEo2g==

prettier@^3.2.5:
  version "3.2.5"
  resolved "https://registry.yarnpkg.com/prettier/-/prettier-3.2.5.tgz#e52bc3090586e824964a8813b09aba6233b28368"
  integrity sha512-3/GWa9aOC0YeD7LUfvOG2NiDyhOWRvt1k+rcKhOuYnMY24iiCphgneUfJDyFXd6rZCAnuLBv6UeAULtrhT/F4A==

rpc-utils@^0.6.2:
  version "0.6.2"
  resolved "https://registry.yarnpkg.com/rpc-utils/-/rpc-utils-0.6.2.tgz#3cab779f93048eda69ff198c58b1a2c2e35e3fa6"
  integrity sha512-kzk1OflbBckfDBAo8JwsmtQSHzj+6hxRt5G+u8A8ZSmunBw1nhWvRkSq8j1+EvWBqBRLy1aiGLUW5644CZqQtA==
  dependencies:
    nanoid "^3.3.1"

tslib@2.4.0:
  version "2.4.0"
  resolved "https://registry.yarnpkg.com/tslib/-/tslib-2.4.0.tgz#7cecaa7f073ce680a05847aa77be941098f36dc3"
  integrity sha512-d6xOpEDfsi2CZVlPQzGeux8XMwLT9hssAsaPYExaQMuYskwb+x1x7J371tWlbBdWHroy99KnVB6qIkUbs5X3UQ==

tslib@^2.6.2:
  version "2.6.2"
  resolved "https://registry.yarnpkg.com/tslib/-/tslib-2.6.2.tgz#703ac29425e7b37cd6fd456e92404d46d1f3e4ae"
  integrity sha512-AEYxH93jGFPn/a2iVAwW87VuUIkR1FVUKB77NwMF7nBTDkDrrT/Hpt/IrCJ0QXhW27jTBDcf5ZY7w6RiqTMw2Q==

typescript@^4.7.2:
  version "4.9.5"
  resolved "https://registry.yarnpkg.com/typescript/-/typescript-4.9.5.tgz#095979f9bcc0d09da324d58d03ce8f8374cbe65a"
  integrity sha512-1FXk9E2Hm+QzZQ7z+McJiHL4NW1F2EzMu9Nq9i3zAaGqibafqYwCVU6WyWAuyQRRzOlxou8xZSyXLEN8oKj24g==

uint8arrays@3.1.1:
  version "3.1.1"
  resolved "https://registry.yarnpkg.com/uint8arrays/-/uint8arrays-3.1.1.tgz#2d8762acce159ccd9936057572dade9459f65ae0"
  integrity sha512-+QJa8QRnbdXVpHYjLoTpJIdCTiw9Ir62nocClWuXIq2JIh4Uta0cQsTSpFL678p2CN8B+XSApwcU+pQEqVpKWg==
  dependencies:
    multiformats "^9.4.2"

uint8arrays@^5.0.1:
  version "5.0.3"
  resolved "https://registry.yarnpkg.com/uint8arrays/-/uint8arrays-5.0.3.tgz#92b894d9c4269ba97c51544d6e1f279fe6f80d1f"
  integrity sha512-6LBuKji28kHjgPJMkQ6GDaBb1lRwIhyOYq6pDGwYMoDPfImE9SkuYENVmR0yu9yGgs2clHUSY9fKDukR+AXfqQ==
  dependencies:
    multiformats "^13.0.0"

undici-types@~5.26.4:
  version "5.26.5"
  resolved "https://registry.yarnpkg.com/undici-types/-/undici-types-5.26.5.tgz#bcd539893d00b56e964fd2657a4866b221a65617"
  integrity sha512-JlCMO+ehdEIKqlFxk6IfVoAUVmgz7cU7zD/h9XZ0qzeosSHmUJVOzSQvvYSYWXkFXC+IfLKSIffhv0sVZup6pA==

varint@^6.0.0:
  version "6.0.0"
  resolved "https://registry.yarnpkg.com/varint/-/varint-6.0.0.tgz#9881eb0ce8feaea6512439d19ddf84bf551661d0"
  integrity sha512-cXEIW6cfr15lFv563k4GuVuW/fiwjknytD37jIOLSdSWuOI6WnO/oKwmP2FQTU2l01LP8/M5TSAJpzUaGe3uWg==

viem@^1.21.4:
  version "1.21.4"
  resolved "https://registry.yarnpkg.com/viem/-/viem-1.21.4.tgz#883760e9222540a5a7e0339809202b45fe6a842d"
  integrity sha512-BNVYdSaUjeS2zKQgPs+49e5JKocfo60Ib2yiXOWBT6LuVxY1I/6fFX3waEtpXvL1Xn4qu+BVitVtMh9lyThyhQ==
  dependencies:
    "@adraffy/ens-normalize" "1.10.0"
    "@noble/curves" "1.2.0"
    "@noble/hashes" "1.3.2"
    "@scure/bip32" "1.3.2"
    "@scure/bip39" "1.2.1"
    abitype "0.9.8"
    isows "1.0.3"
    ws "8.13.0"

ws@8.13.0:
  version "8.13.0"
  resolved "https://registry.yarnpkg.com/ws/-/ws-8.13.0.tgz#9a9fb92f93cf41512a0735c8f4dd09b8a1211cd0"
  integrity sha512-x9vcZYTrFPC7aSIbj7sRCYo7L/Xb8Iy+pW0ng0wt2vCJv7M9HOMy0UoN3rr+IFC7hb7vXoqS+P9ktyLLLhO+LA==

ws@8.5.0:
  version "8.5.0"
  resolved "https://registry.yarnpkg.com/ws/-/ws-8.5.0.tgz#bfb4be96600757fe5382de12c670dab984a1ed4f"
  integrity sha512-BWX0SWVgLPzYwF8lTzEy1egjhS4S4OEAHfsO8o65WOVsrnSRGaSiUaa9e0ggGlkMTtBlmOpEXiie9RUcBO86qg==
